// !$*UTF8*$!
{
	archiveVersion = 1;
	classes = {
	};
	objectVersion = 55;
	objects = {

/* Begin PBXBuildFile section */
		6B08F21A288FD40B00698ADE /* BaseViewController.swift in Sources */ = {isa = PBXBuildFile; fileRef = 6B08F219288FD40B00698ADE /* BaseViewController.swift */; };
		6B08F21C2890BC5200698ADE /* RecordCell.swift in Sources */ = {isa = PBXBuildFile; fileRef = 6B08F21B2890BC5200698ADE /* RecordCell.swift */; };
		6B08F21E2890C0ED00698ADE /* Record.swift in Sources */ = {isa = PBXBuildFile; fileRef = 6B08F21D2890C0ED00698ADE /* Record.swift */; };
		6B08F2212890C44400698ADE /* StopwatchViewModel.swift in Sources */ = {isa = PBXBuildFile; fileRef = 6B08F2202890C44400698ADE /* StopwatchViewModel.swift */; };
		6BAC7B81288F9B080067AF0B /* SettingsViewController.swift in Sources */ = {isa = PBXBuildFile; fileRef = 6BAC7B80288F9B080067AF0B /* SettingsViewController.swift */; };
		6BB444C22892262600350947 /* Utils.swift in Sources */ = {isa = PBXBuildFile; fileRef = 6BB444C12892262600350947 /* Utils.swift */; };
		6BB444C628975CF600350947 /* MainNavigationViewController.swift in Sources */ = {isa = PBXBuildFile; fileRef = 6BB444C528975CF600350947 /* MainNavigationViewController.swift */; };
		6BB444CF289A121700350947 /* GoogleService-Info.plist in Resources */ = {isa = PBXBuildFile; fileRef = 6BB444CE289A121700350947 /* GoogleService-Info.plist */; };
		6BCCA217288F6C5600CF8C65 /* AppDelegate.swift in Sources */ = {isa = PBXBuildFile; fileRef = 6BCCA216288F6C5600CF8C65 /* AppDelegate.swift */; };
		6BCCA219288F6C5600CF8C65 /* SceneDelegate.swift in Sources */ = {isa = PBXBuildFile; fileRef = 6BCCA218288F6C5600CF8C65 /* SceneDelegate.swift */; };
		6BCCA221288F6C5600CF8C65 /* stopwatch.xcdatamodeld in Sources */ = {isa = PBXBuildFile; fileRef = 6BCCA21F288F6C5600CF8C65 /* stopwatch.xcdatamodeld */; };
		6BCCA223288F6C5800CF8C65 /* Assets.xcassets in Resources */ = {isa = PBXBuildFile; fileRef = 6BCCA222288F6C5800CF8C65 /* Assets.xcassets */; };
		6BCCA226288F6C5800CF8C65 /* LaunchScreen.storyboard in Resources */ = {isa = PBXBuildFile; fileRef = 6BCCA224288F6C5800CF8C65 /* LaunchScreen.storyboard */; };
		6BCCA231288F6C5800CF8C65 /* stopwatchTests.swift in Sources */ = {isa = PBXBuildFile; fileRef = 6BCCA230288F6C5800CF8C65 /* stopwatchTests.swift */; };
		6BCCA23B288F6C5800CF8C65 /* stopwatchUITests.swift in Sources */ = {isa = PBXBuildFile; fileRef = 6BCCA23A288F6C5800CF8C65 /* stopwatchUITests.swift */; };
		6BCCA23D288F6C5800CF8C65 /* stopwatchUITestsLaunchTests.swift in Sources */ = {isa = PBXBuildFile; fileRef = 6BCCA23C288F6C5800CF8C65 /* stopwatchUITestsLaunchTests.swift */; };
		6BCCA24B288F6E2600CF8C65 /* GoogleSignIn in Frameworks */ = {isa = PBXBuildFile; productRef = 6BCCA24A288F6E2600CF8C65 /* GoogleSignIn */; };
		6BCCA24D288F7CA700CF8C65 /* Login.storyboard in Resources */ = {isa = PBXBuildFile; fileRef = 6BCCA24C288F7CA700CF8C65 /* Login.storyboard */; };
		6BCCA24F288F7D1F00CF8C65 /* LoginViewController.swift in Sources */ = {isa = PBXBuildFile; fileRef = 6BCCA24E288F7D1F00CF8C65 /* LoginViewController.swift */; };
		6BCCA251288F7E9B00CF8C65 /* StopwatchViewController.swift in Sources */ = {isa = PBXBuildFile; fileRef = 6BCCA250288F7E9B00CF8C65 /* StopwatchViewController.swift */; };
		6BCCA253288F843F00CF8C65 /* Const.swift in Sources */ = {isa = PBXBuildFile; fileRef = 6BCCA252288F843F00CF8C65 /* Const.swift */; };
		6BCCA25B288F9A8F00CF8C65 /* Main.storyboard in Resources */ = {isa = PBXBuildFile; fileRef = 6BCCA25A288F9A8F00CF8C65 /* Main.storyboard */; };
/* End PBXBuildFile section */

/* Begin PBXContainerItemProxy section */
		6BCCA22D288F6C5800CF8C65 /* PBXContainerItemProxy */ = {
			isa = PBXContainerItemProxy;
			containerPortal = 6BCCA20B288F6C5600CF8C65 /* Project object */;
			proxyType = 1;
			remoteGlobalIDString = 6BCCA212288F6C5600CF8C65;
			remoteInfo = stopwatch;
		};
		6BCCA237288F6C5800CF8C65 /* PBXContainerItemProxy */ = {
			isa = PBXContainerItemProxy;
			containerPortal = 6BCCA20B288F6C5600CF8C65 /* Project object */;
			proxyType = 1;
			remoteGlobalIDString = 6BCCA212288F6C5600CF8C65;
			remoteInfo = stopwatch;
		};
/* End PBXContainerItemProxy section */

/* Begin PBXFileReference section */
		6B08F219288FD40B00698ADE /* BaseViewController.swift */ = {isa = PBXFileReference; lastKnownFileType = sourcecode.swift; path = BaseViewController.swift; sourceTree = "<group>"; };
		6B08F21B2890BC5200698ADE /* RecordCell.swift */ = {isa = PBXFileReference; lastKnownFileType = sourcecode.swift; path = RecordCell.swift; sourceTree = "<group>"; };
		6B08F21D2890C0ED00698ADE /* Record.swift */ = {isa = PBXFileReference; lastKnownFileType = sourcecode.swift; path = Record.swift; sourceTree = "<group>"; };
		6B08F2202890C44400698ADE /* StopwatchViewModel.swift */ = {isa = PBXFileReference; lastKnownFileType = sourcecode.swift; path = StopwatchViewModel.swift; sourceTree = "<group>"; };
		6BAC7B80288F9B080067AF0B /* SettingsViewController.swift */ = {isa = PBXFileReference; lastKnownFileType = sourcecode.swift; path = SettingsViewController.swift; sourceTree = "<group>"; };
		6BB444C12892262600350947 /* Utils.swift */ = {isa = PBXFileReference; lastKnownFileType = sourcecode.swift; path = Utils.swift; sourceTree = "<group>"; };
		6BB444C528975CF600350947 /* MainNavigationViewController.swift */ = {isa = PBXFileReference; lastKnownFileType = sourcecode.swift; path = MainNavigationViewController.swift; sourceTree = "<group>"; };
		6BB444CE289A121700350947 /* GoogleService-Info.plist */ = {isa = PBXFileReference; fileEncoding = 4; lastKnownFileType = text.plist.xml; path = "GoogleService-Info.plist"; sourceTree = "<group>"; };
		6BCCA213288F6C5600CF8C65 /* stopwatch.app */ = {isa = PBXFileReference; explicitFileType = wrapper.application; includeInIndex = 0; path = stopwatch.app; sourceTree = BUILT_PRODUCTS_DIR; };
		6BCCA216288F6C5600CF8C65 /* AppDelegate.swift */ = {isa = PBXFileReference; lastKnownFileType = sourcecode.swift; path = AppDelegate.swift; sourceTree = "<group>"; };
		6BCCA218288F6C5600CF8C65 /* SceneDelegate.swift */ = {isa = PBXFileReference; lastKnownFileType = sourcecode.swift; path = SceneDelegate.swift; sourceTree = "<group>"; };
		6BCCA220288F6C5600CF8C65 /* stopwatch.xcdatamodel */ = {isa = PBXFileReference; lastKnownFileType = wrapper.xcdatamodel; path = stopwatch.xcdatamodel; sourceTree = "<group>"; };
		6BCCA222288F6C5800CF8C65 /* Assets.xcassets */ = {isa = PBXFileReference; lastKnownFileType = folder.assetcatalog; path = Assets.xcassets; sourceTree = "<group>"; };
		6BCCA225288F6C5800CF8C65 /* Base */ = {isa = PBXFileReference; lastKnownFileType = file.storyboard; name = Base; path = Base.lproj/LaunchScreen.storyboard; sourceTree = "<group>"; };
		6BCCA227288F6C5800CF8C65 /* Info.plist */ = {isa = PBXFileReference; lastKnownFileType = text.plist.xml; path = Info.plist; sourceTree = "<group>"; };
		6BCCA22C288F6C5800CF8C65 /* stopwatchTests.xctest */ = {isa = PBXFileReference; explicitFileType = wrapper.cfbundle; includeInIndex = 0; path = stopwatchTests.xctest; sourceTree = BUILT_PRODUCTS_DIR; };
		6BCCA230288F6C5800CF8C65 /* stopwatchTests.swift */ = {isa = PBXFileReference; lastKnownFileType = sourcecode.swift; path = stopwatchTests.swift; sourceTree = "<group>"; };
		6BCCA236288F6C5800CF8C65 /* stopwatchUITests.xctest */ = {isa = PBXFileReference; explicitFileType = wrapper.cfbundle; includeInIndex = 0; path = stopwatchUITests.xctest; sourceTree = BUILT_PRODUCTS_DIR; };
		6BCCA23A288F6C5800CF8C65 /* stopwatchUITests.swift */ = {isa = PBXFileReference; lastKnownFileType = sourcecode.swift; path = stopwatchUITests.swift; sourceTree = "<group>"; };
		6BCCA23C288F6C5800CF8C65 /* stopwatchUITestsLaunchTests.swift */ = {isa = PBXFileReference; lastKnownFileType = sourcecode.swift; path = stopwatchUITestsLaunchTests.swift; sourceTree = "<group>"; };
		6BCCA24C288F7CA700CF8C65 /* Login.storyboard */ = {isa = PBXFileReference; lastKnownFileType = file.storyboard; path = Login.storyboard; sourceTree = "<group>"; };
		6BCCA24E288F7D1F00CF8C65 /* LoginViewController.swift */ = {isa = PBXFileReference; lastKnownFileType = sourcecode.swift; path = LoginViewController.swift; sourceTree = "<group>"; };
		6BCCA250288F7E9B00CF8C65 /* StopwatchViewController.swift */ = {isa = PBXFileReference; lastKnownFileType = sourcecode.swift; path = StopwatchViewController.swift; sourceTree = "<group>"; };
		6BCCA252288F843F00CF8C65 /* Const.swift */ = {isa = PBXFileReference; lastKnownFileType = sourcecode.swift; path = Const.swift; sourceTree = "<group>"; };
		6BCCA25A288F9A8F00CF8C65 /* Main.storyboard */ = {isa = PBXFileReference; fileEncoding = 4; lastKnownFileType = file.storyboard; path = Main.storyboard; sourceTree = "<group>"; };
/* End PBXFileReference section */

/* Begin PBXFrameworksBuildPhase section */
		6BCCA210288F6C5600CF8C65 /* Frameworks */ = {
			isa = PBXFrameworksBuildPhase;
			buildActionMask = 2147483647;
			files = (
				6BCCA24B288F6E2600CF8C65 /* GoogleSignIn in Frameworks */,
			);
			runOnlyForDeploymentPostprocessing = 0;
		};
		6BCCA229288F6C5800CF8C65 /* Frameworks */ = {
			isa = PBXFrameworksBuildPhase;
			buildActionMask = 2147483647;
			files = (
			);
			runOnlyForDeploymentPostprocessing = 0;
		};
		6BCCA233288F6C5800CF8C65 /* Frameworks */ = {
			isa = PBXFrameworksBuildPhase;
			buildActionMask = 2147483647;
			files = (
			);
			runOnlyForDeploymentPostprocessing = 0;
		};
/* End PBXFrameworksBuildPhase section */

/* Begin PBXGroup section */
		6B08F21F2890C0F600698ADE /* Model */ = {
			isa = PBXGroup;
			children = (
				6B08F21D2890C0ED00698ADE /* Record.swift */,
			);
			path = Model;
			sourceTree = "<group>";
		};
		6BAC7B7F288F9AEB0067AF0B /* Stopwatch */ = {
			isa = PBXGroup;
			children = (
				6BCCA250288F7E9B00CF8C65 /* StopwatchViewController.swift */,
				6B08F21B2890BC5200698ADE /* RecordCell.swift */,
				6B08F2202890C44400698ADE /* StopwatchViewModel.swift */,
			);
			path = Stopwatch;
			sourceTree = "<group>";
		};
		6BAC7B82288F9B0B0067AF0B /* Settings */ = {
			isa = PBXGroup;
			children = (
				6BAC7B80288F9B080067AF0B /* SettingsViewController.swift */,
			);
			path = Settings;
			sourceTree = "<group>";
		};
		6BCCA20A288F6C5600CF8C65 = {
			isa = PBXGroup;
			children = (
				6BCCA215288F6C5600CF8C65 /* stopwatch */,
				6BCCA22F288F6C5800CF8C65 /* stopwatchTests */,
				6BCCA239288F6C5800CF8C65 /* stopwatchUITests */,
				6BCCA214288F6C5600CF8C65 /* Products */,
			);
			sourceTree = "<group>";
		};
		6BCCA214288F6C5600CF8C65 /* Products */ = {
			isa = PBXGroup;
			children = (
				6BCCA213288F6C5600CF8C65 /* stopwatch.app */,
				6BCCA22C288F6C5800CF8C65 /* stopwatchTests.xctest */,
				6BCCA236288F6C5800CF8C65 /* stopwatchUITests.xctest */,
			);
			name = Products;
			sourceTree = "<group>";
		};
		6BCCA215288F6C5600CF8C65 /* stopwatch */ = {
			isa = PBXGroup;
			children = (
				6BCCA216288F6C5600CF8C65 /* AppDelegate.swift */,
				6BCCA218288F6C5600CF8C65 /* SceneDelegate.swift */,
				6B08F219288FD40B00698ADE /* BaseViewController.swift */,
				6BCCA258288F9A1B00CF8C65 /* Login */,
				6BCCA259288F9A2300CF8C65 /* Views */,
				6B08F21F2890C0F600698ADE /* Model */,
				6BAC7B7F288F9AEB0067AF0B /* Stopwatch */,
				6BAC7B82288F9B0B0067AF0B /* Settings */,
				6BCCA252288F843F00CF8C65 /* Const.swift */,
				6BB444C12892262600350947 /* Utils.swift */,
				6BCCA222288F6C5800CF8C65 /* Assets.xcassets */,
				6BCCA224288F6C5800CF8C65 /* LaunchScreen.storyboard */,
				6BCCA227288F6C5800CF8C65 /* Info.plist */,
				6BB444CE289A121700350947 /* GoogleService-Info.plist */,
				6BCCA21F288F6C5600CF8C65 /* stopwatch.xcdatamodeld */,
			);
			path = stopwatch;
			sourceTree = "<group>";
		};
		6BCCA22F288F6C5800CF8C65 /* stopwatchTests */ = {
			isa = PBXGroup;
			children = (
				6BCCA230288F6C5800CF8C65 /* stopwatchTests.swift */,
			);
			path = stopwatchTests;
			sourceTree = "<group>";
		};
		6BCCA239288F6C5800CF8C65 /* stopwatchUITests */ = {
			isa = PBXGroup;
			children = (
				6BCCA23A288F6C5800CF8C65 /* stopwatchUITests.swift */,
				6BCCA23C288F6C5800CF8C65 /* stopwatchUITestsLaunchTests.swift */,
			);
			path = stopwatchUITests;
			sourceTree = "<group>";
		};
		6BCCA258288F9A1B00CF8C65 /* Login */ = {
			isa = PBXGroup;
			children = (
				6BCCA24C288F7CA700CF8C65 /* Login.storyboard */,
				6BCCA24E288F7D1F00CF8C65 /* LoginViewController.swift */,
			);
			path = Login;
			sourceTree = "<group>";
		};
		6BCCA259288F9A2300CF8C65 /* Views */ = {
			isa = PBXGroup;
			children = (
				6BCCA25A288F9A8F00CF8C65 /* Main.storyboard */,
				6BB444C528975CF600350947 /* MainNavigationViewController.swift */,
			);
			path = Views;
			sourceTree = "<group>";
		};
/* End PBXGroup section */

/* Begin PBXNativeTarget section */
		6BCCA212288F6C5600CF8C65 /* stopwatch */ = {
			isa = PBXNativeTarget;
			buildConfigurationList = 6BCCA240288F6C5800CF8C65 /* Build configuration list for PBXNativeTarget "stopwatch" */;
			buildPhases = (
				6BCCA20F288F6C5600CF8C65 /* Sources */,
				6BCCA210288F6C5600CF8C65 /* Frameworks */,
				6BCCA211288F6C5600CF8C65 /* Resources */,
			);
			buildRules = (
			);
			dependencies = (
			);
			name = stopwatch;
			packageProductDependencies = (
				6BCCA24A288F6E2600CF8C65 /* GoogleSignIn */,
			);
			productName = stopwatch;
			productReference = 6BCCA213288F6C5600CF8C65 /* stopwatch.app */;
			productType = "com.apple.product-type.application";
		};
		6BCCA22B288F6C5800CF8C65 /* stopwatchTests */ = {
			isa = PBXNativeTarget;
			buildConfigurationList = 6BCCA243288F6C5800CF8C65 /* Build configuration list for PBXNativeTarget "stopwatchTests" */;
			buildPhases = (
				6BCCA228288F6C5800CF8C65 /* Sources */,
				6BCCA229288F6C5800CF8C65 /* Frameworks */,
				6BCCA22A288F6C5800CF8C65 /* Resources */,
			);
			buildRules = (
			);
			dependencies = (
				6BCCA22E288F6C5800CF8C65 /* PBXTargetDependency */,
			);
			name = stopwatchTests;
			productName = stopwatchTests;
			productReference = 6BCCA22C288F6C5800CF8C65 /* stopwatchTests.xctest */;
			productType = "com.apple.product-type.bundle.unit-test";
		};
		6BCCA235288F6C5800CF8C65 /* stopwatchUITests */ = {
			isa = PBXNativeTarget;
			buildConfigurationList = 6BCCA246288F6C5800CF8C65 /* Build configuration list for PBXNativeTarget "stopwatchUITests" */;
			buildPhases = (
				6BCCA232288F6C5800CF8C65 /* Sources */,
				6BCCA233288F6C5800CF8C65 /* Frameworks */,
				6BCCA234288F6C5800CF8C65 /* Resources */,
			);
			buildRules = (
			);
			dependencies = (
				6BCCA238288F6C5800CF8C65 /* PBXTargetDependency */,
			);
			name = stopwatchUITests;
			productName = stopwatchUITests;
			productReference = 6BCCA236288F6C5800CF8C65 /* stopwatchUITests.xctest */;
			productType = "com.apple.product-type.bundle.ui-testing";
		};
/* End PBXNativeTarget section */

/* Begin PBXProject section */
		6BCCA20B288F6C5600CF8C65 /* Project object */ = {
			isa = PBXProject;
			attributes = {
				BuildIndependentTargetsInParallel = 1;
				LastSwiftUpdateCheck = 1340;
				LastUpgradeCheck = 1340;
				TargetAttributes = {
					6BCCA212288F6C5600CF8C65 = {
						CreatedOnToolsVersion = 13.4;
					};
					6BCCA22B288F6C5800CF8C65 = {
						CreatedOnToolsVersion = 13.4;
						TestTargetID = 6BCCA212288F6C5600CF8C65;
					};
					6BCCA235288F6C5800CF8C65 = {
						CreatedOnToolsVersion = 13.4;
						TestTargetID = 6BCCA212288F6C5600CF8C65;
					};
				};
			};
			buildConfigurationList = 6BCCA20E288F6C5600CF8C65 /* Build configuration list for PBXProject "stopwatch" */;
			compatibilityVersion = "Xcode 13.0";
			developmentRegion = en;
			hasScannedForEncodings = 0;
			knownRegions = (
				en,
				Base,
			);
			mainGroup = 6BCCA20A288F6C5600CF8C65;
			packageReferences = (
				6BCCA249288F6E2600CF8C65 /* XCRemoteSwiftPackageReference "GoogleSignIn-iOS" */,
			);
			productRefGroup = 6BCCA214288F6C5600CF8C65 /* Products */;
			projectDirPath = "";
			projectRoot = "";
			targets = (
				6BCCA212288F6C5600CF8C65 /* stopwatch */,
				6BCCA22B288F6C5800CF8C65 /* stopwatchTests */,
				6BCCA235288F6C5800CF8C65 /* stopwatchUITests */,
			);
		};
/* End PBXProject section */

/* Begin PBXResourcesBuildPhase section */
		6BCCA211288F6C5600CF8C65 /* Resources */ = {
			isa = PBXResourcesBuildPhase;
			buildActionMask = 2147483647;
			files = (
				6BCCA24D288F7CA700CF8C65 /* Login.storyboard in Resources */,
				6BCCA226288F6C5800CF8C65 /* LaunchScreen.storyboard in Resources */,
				6BB444CF289A121700350947 /* GoogleService-Info.plist in Resources */,
				6BCCA223288F6C5800CF8C65 /* Assets.xcassets in Resources */,
				6BCCA25B288F9A8F00CF8C65 /* Main.storyboard in Resources */,
			);
			runOnlyForDeploymentPostprocessing = 0;
		};
		6BCCA22A288F6C5800CF8C65 /* Resources */ = {
			isa = PBXResourcesBuildPhase;
			buildActionMask = 2147483647;
			files = (
			);
			runOnlyForDeploymentPostprocessing = 0;
		};
		6BCCA234288F6C5800CF8C65 /* Resources */ = {
			isa = PBXResourcesBuildPhase;
			buildActionMask = 2147483647;
			files = (
			);
			runOnlyForDeploymentPostprocessing = 0;
		};
/* End PBXResourcesBuildPhase section */

/* Begin PBXSourcesBuildPhase section */
		6BCCA20F288F6C5600CF8C65 /* Sources */ = {
			isa = PBXSourcesBuildPhase;
			buildActionMask = 2147483647;
			files = (
				6BB444C628975CF600350947 /* MainNavigationViewController.swift in Sources */,
				6BCCA251288F7E9B00CF8C65 /* StopwatchViewController.swift in Sources */,
				6B08F21E2890C0ED00698ADE /* Record.swift in Sources */,
				6BB444C22892262600350947 /* Utils.swift in Sources */,
				6BAC7B81288F9B080067AF0B /* SettingsViewController.swift in Sources */,
				6BCCA217288F6C5600CF8C65 /* AppDelegate.swift in Sources */,
				6BCCA219288F6C5600CF8C65 /* SceneDelegate.swift in Sources */,
				6B08F21C2890BC5200698ADE /* RecordCell.swift in Sources */,
				6B08F21A288FD40B00698ADE /* BaseViewController.swift in Sources */,
				6BCCA24F288F7D1F00CF8C65 /* LoginViewController.swift in Sources */,
				6B08F2212890C44400698ADE /* StopwatchViewModel.swift in Sources */,
				6BCCA221288F6C5600CF8C65 /* stopwatch.xcdatamodeld in Sources */,
				6BCCA253288F843F00CF8C65 /* Const.swift in Sources */,
			);
			runOnlyForDeploymentPostprocessing = 0;
		};
		6BCCA228288F6C5800CF8C65 /* Sources */ = {
			isa = PBXSourcesBuildPhase;
			buildActionMask = 2147483647;
			files = (
				6BCCA231288F6C5800CF8C65 /* stopwatchTests.swift in Sources */,
			);
			runOnlyForDeploymentPostprocessing = 0;
		};
		6BCCA232288F6C5800CF8C65 /* Sources */ = {
			isa = PBXSourcesBuildPhase;
			buildActionMask = 2147483647;
			files = (
				6BCCA23D288F6C5800CF8C65 /* stopwatchUITestsLaunchTests.swift in Sources */,
				6BCCA23B288F6C5800CF8C65 /* stopwatchUITests.swift in Sources */,
			);
			runOnlyForDeploymentPostprocessing = 0;
		};
/* End PBXSourcesBuildPhase section */

/* Begin PBXTargetDependency section */
		6BCCA22E288F6C5800CF8C65 /* PBXTargetDependency */ = {
			isa = PBXTargetDependency;
			target = 6BCCA212288F6C5600CF8C65 /* stopwatch */;
			targetProxy = 6BCCA22D288F6C5800CF8C65 /* PBXContainerItemProxy */;
		};
		6BCCA238288F6C5800CF8C65 /* PBXTargetDependency */ = {
			isa = PBXTargetDependency;
			target = 6BCCA212288F6C5600CF8C65 /* stopwatch */;
			targetProxy = 6BCCA237288F6C5800CF8C65 /* PBXContainerItemProxy */;
		};
/* End PBXTargetDependency section */

/* Begin PBXVariantGroup section */
		6BCCA224288F6C5800CF8C65 /* LaunchScreen.storyboard */ = {
			isa = PBXVariantGroup;
			children = (
				6BCCA225288F6C5800CF8C65 /* Base */,
			);
			name = LaunchScreen.storyboard;
			sourceTree = "<group>";
		};
/* End PBXVariantGroup section */

/* Begin XCBuildConfiguration section */
		6BCCA23E288F6C5800CF8C65 /* Debug */ = {
			isa = XCBuildConfiguration;
			buildSettings = {
				ALWAYS_SEARCH_USER_PATHS = NO;
				CLANG_ANALYZER_NONNULL = YES;
				CLANG_ANALYZER_NUMBER_OBJECT_CONVERSION = YES_AGGRESSIVE;
				CLANG_CXX_LANGUAGE_STANDARD = "gnu++17";
				CLANG_ENABLE_MODULES = YES;
				CLANG_ENABLE_OBJC_ARC = YES;
				CLANG_ENABLE_OBJC_WEAK = YES;
				CLANG_WARN_BLOCK_CAPTURE_AUTORELEASING = YES;
				CLANG_WARN_BOOL_CONVERSION = YES;
				CLANG_WARN_COMMA = YES;
				CLANG_WARN_CONSTANT_CONVERSION = YES;
				CLANG_WARN_DEPRECATED_OBJC_IMPLEMENTATIONS = YES;
				CLANG_WARN_DIRECT_OBJC_ISA_USAGE = YES_ERROR;
				CLANG_WARN_DOCUMENTATION_COMMENTS = YES;
				CLANG_WARN_EMPTY_BODY = YES;
				CLANG_WARN_ENUM_CONVERSION = YES;
				CLANG_WARN_INFINITE_RECURSION = YES;
				CLANG_WARN_INT_CONVERSION = YES;
				CLANG_WARN_NON_LITERAL_NULL_CONVERSION = YES;
				CLANG_WARN_OBJC_IMPLICIT_RETAIN_SELF = YES;
				CLANG_WARN_OBJC_LITERAL_CONVERSION = YES;
				CLANG_WARN_OBJC_ROOT_CLASS = YES_ERROR;
				CLANG_WARN_QUOTED_INCLUDE_IN_FRAMEWORK_HEADER = YES;
				CLANG_WARN_RANGE_LOOP_ANALYSIS = YES;
				CLANG_WARN_STRICT_PROTOTYPES = YES;
				CLANG_WARN_SUSPICIOUS_MOVE = YES;
				CLANG_WARN_UNGUARDED_AVAILABILITY = YES_AGGRESSIVE;
				CLANG_WARN_UNREACHABLE_CODE = YES;
				CLANG_WARN__DUPLICATE_METHOD_MATCH = YES;
				COPY_PHASE_STRIP = NO;
				DEBUG_INFORMATION_FORMAT = dwarf;
				ENABLE_STRICT_OBJC_MSGSEND = YES;
				ENABLE_TESTABILITY = YES;
				GCC_C_LANGUAGE_STANDARD = gnu11;
				GCC_DYNAMIC_NO_PIC = NO;
				GCC_NO_COMMON_BLOCKS = YES;
				GCC_OPTIMIZATION_LEVEL = 0;
				GCC_PREPROCESSOR_DEFINITIONS = (
					"DEBUG=1",
					"$(inherited)",
				);
				GCC_WARN_64_TO_32_BIT_CONVERSION = YES;
				GCC_WARN_ABOUT_RETURN_TYPE = YES_ERROR;
				GCC_WARN_UNDECLARED_SELECTOR = YES;
				GCC_WARN_UNINITIALIZED_AUTOS = YES_AGGRESSIVE;
				GCC_WARN_UNUSED_FUNCTION = YES;
				GCC_WARN_UNUSED_VARIABLE = YES;
				IPHONEOS_DEPLOYMENT_TARGET = 15.0;
				MTL_ENABLE_DEBUG_INFO = INCLUDE_SOURCE;
				MTL_FAST_MATH = YES;
				ONLY_ACTIVE_ARCH = YES;
				SDKROOT = iphoneos;
				SWIFT_ACTIVE_COMPILATION_CONDITIONS = DEBUG;
				SWIFT_OPTIMIZATION_LEVEL = "-Onone";
			};
			name = Debug;
		};
		6BCCA23F288F6C5800CF8C65 /* Release */ = {
			isa = XCBuildConfiguration;
			buildSettings = {
				ALWAYS_SEARCH_USER_PATHS = NO;
				CLANG_ANALYZER_NONNULL = YES;
				CLANG_ANALYZER_NUMBER_OBJECT_CONVERSION = YES_AGGRESSIVE;
				CLANG_CXX_LANGUAGE_STANDARD = "gnu++17";
				CLANG_ENABLE_MODULES = YES;
				CLANG_ENABLE_OBJC_ARC = YES;
				CLANG_ENABLE_OBJC_WEAK = YES;
				CLANG_WARN_BLOCK_CAPTURE_AUTORELEASING = YES;
				CLANG_WARN_BOOL_CONVERSION = YES;
				CLANG_WARN_COMMA = YES;
				CLANG_WARN_CONSTANT_CONVERSION = YES;
				CLANG_WARN_DEPRECATED_OBJC_IMPLEMENTATIONS = YES;
				CLANG_WARN_DIRECT_OBJC_ISA_USAGE = YES_ERROR;
				CLANG_WARN_DOCUMENTATION_COMMENTS = YES;
				CLANG_WARN_EMPTY_BODY = YES;
				CLANG_WARN_ENUM_CONVERSION = YES;
				CLANG_WARN_INFINITE_RECURSION = YES;
				CLANG_WARN_INT_CONVERSION = YES;
				CLANG_WARN_NON_LITERAL_NULL_CONVERSION = YES;
				CLANG_WARN_OBJC_IMPLICIT_RETAIN_SELF = YES;
				CLANG_WARN_OBJC_LITERAL_CONVERSION = YES;
				CLANG_WARN_OBJC_ROOT_CLASS = YES_ERROR;
				CLANG_WARN_QUOTED_INCLUDE_IN_FRAMEWORK_HEADER = YES;
				CLANG_WARN_RANGE_LOOP_ANALYSIS = YES;
				CLANG_WARN_STRICT_PROTOTYPES = YES;
				CLANG_WARN_SUSPICIOUS_MOVE = YES;
				CLANG_WARN_UNGUARDED_AVAILABILITY = YES_AGGRESSIVE;
				CLANG_WARN_UNREACHABLE_CODE = YES;
				CLANG_WARN__DUPLICATE_METHOD_MATCH = YES;
				COPY_PHASE_STRIP = NO;
				DEBUG_INFORMATION_FORMAT = "dwarf-with-dsym";
				ENABLE_NS_ASSERTIONS = NO;
				ENABLE_STRICT_OBJC_MSGSEND = YES;
				GCC_C_LANGUAGE_STANDARD = gnu11;
				GCC_NO_COMMON_BLOCKS = YES;
				GCC_WARN_64_TO_32_BIT_CONVERSION = YES;
				GCC_WARN_ABOUT_RETURN_TYPE = YES_ERROR;
				GCC_WARN_UNDECLARED_SELECTOR = YES;
				GCC_WARN_UNINITIALIZED_AUTOS = YES_AGGRESSIVE;
				GCC_WARN_UNUSED_FUNCTION = YES;
				GCC_WARN_UNUSED_VARIABLE = YES;
				IPHONEOS_DEPLOYMENT_TARGET = 15.0;
				MTL_ENABLE_DEBUG_INFO = NO;
				MTL_FAST_MATH = YES;
				SDKROOT = iphoneos;
				SWIFT_COMPILATION_MODE = wholemodule;
				SWIFT_OPTIMIZATION_LEVEL = "-O";
				VALIDATE_PRODUCT = YES;
			};
			name = Release;
		};
		6BCCA241288F6C5800CF8C65 /* Debug */ = {
			isa = XCBuildConfiguration;
			buildSettings = {
				ASSETCATALOG_COMPILER_APPICON_NAME = AppIcon;
				ASSETCATALOG_COMPILER_GLOBAL_ACCENT_COLOR_NAME = AccentColor;
				CODE_SIGN_STYLE = Automatic;
				CURRENT_PROJECT_VERSION = 1;
				DEVELOPMENT_TEAM = NR988WLZC9;
				GENERATE_INFOPLIST_FILE = YES;
				INFOPLIST_FILE = stopwatch/Info.plist;
				INFOPLIST_KEY_UIApplicationSupportsIndirectInputEvents = YES;
				INFOPLIST_KEY_UILaunchStoryboardName = LaunchScreen;
				INFOPLIST_KEY_UISupportedInterfaceOrientations_iPad = "UIInterfaceOrientationPortrait UIInterfaceOrientationPortraitUpsideDown UIInterfaceOrientationLandscapeLeft UIInterfaceOrientationLandscapeRight";
				INFOPLIST_KEY_UISupportedInterfaceOrientations_iPhone = "UIInterfaceOrientationPortrait UIInterfaceOrientationLandscapeLeft UIInterfaceOrientationLandscapeRight";
				IPHONEOS_DEPLOYMENT_TARGET = 15.0;
				LD_RUNPATH_SEARCH_PATHS = (
					"$(inherited)",
					"@executable_path/Frameworks",
				);
				MARKETING_VERSION = 1.0;
				PRODUCT_BUNDLE_IDENTIFIER = com.zoey.stopwatch;
				PRODUCT_NAME = "$(TARGET_NAME)";
				SWIFT_EMIT_LOC_STRINGS = YES;
				SWIFT_VERSION = 5.0;
				TARGETED_DEVICE_FAMILY = 1;
			};
			name = Debug;
		};
		6BCCA242288F6C5800CF8C65 /* Release */ = {
			isa = XCBuildConfiguration;
			buildSettings = {
				ASSETCATALOG_COMPILER_APPICON_NAME = AppIcon;
				ASSETCATALOG_COMPILER_GLOBAL_ACCENT_COLOR_NAME = AccentColor;
				CODE_SIGN_STYLE = Automatic;
				CURRENT_PROJECT_VERSION = 1;
				DEVELOPMENT_TEAM = NR988WLZC9;
				GENERATE_INFOPLIST_FILE = YES;
				INFOPLIST_FILE = stopwatch/Info.plist;
				INFOPLIST_KEY_UIApplicationSupportsIndirectInputEvents = YES;
				INFOPLIST_KEY_UILaunchStoryboardName = LaunchScreen;
				INFOPLIST_KEY_UISupportedInterfaceOrientations_iPad = "UIInterfaceOrientationPortrait UIInterfaceOrientationPortraitUpsideDown UIInterfaceOrientationLandscapeLeft UIInterfaceOrientationLandscapeRight";
				INFOPLIST_KEY_UISupportedInterfaceOrientations_iPhone = "UIInterfaceOrientationPortrait UIInterfaceOrientationLandscapeLeft UIInterfaceOrientationLandscapeRight";
				IPHONEOS_DEPLOYMENT_TARGET = 15.0;
				LD_RUNPATH_SEARCH_PATHS = (
					"$(inherited)",
					"@executable_path/Frameworks",
				);
				MARKETING_VERSION = 1.0;
				PRODUCT_BUNDLE_IDENTIFIER = com.zoey.stopwatch;
				PRODUCT_NAME = "$(TARGET_NAME)";
				SWIFT_EMIT_LOC_STRINGS = YES;
				SWIFT_VERSION = 5.0;
				TARGETED_DEVICE_FAMILY = 1;
			};
			name = Release;
		};
		6BCCA244288F6C5800CF8C65 /* Debug */ = {
			isa = XCBuildConfiguration;
			buildSettings = {
				ALWAYS_EMBED_SWIFT_STANDARD_LIBRARIES = YES;
				BUNDLE_LOADER = "$(TEST_HOST)";
				CODE_SIGN_STYLE = Automatic;
				CURRENT_PROJECT_VERSION = 1;
				DEVELOPMENT_TEAM = NR988WLZC9;
				GENERATE_INFOPLIST_FILE = YES;
				IPHONEOS_DEPLOYMENT_TARGET = 15.5;
				MARKETING_VERSION = 1.0;
				PRODUCT_BUNDLE_IDENTIFIER = com.zoey.stopwatchTests;
				PRODUCT_NAME = "$(TARGET_NAME)";
				SWIFT_EMIT_LOC_STRINGS = NO;
				SWIFT_VERSION = 5.0;
				TARGETED_DEVICE_FAMILY = "1,2";
				TEST_HOST = "$(BUILT_PRODUCTS_DIR)/stopwatch.app/stopwatch";
			};
			name = Debug;
		};
		6BCCA245288F6C5800CF8C65 /* Release */ = {
			isa = XCBuildConfiguration;
			buildSettings = {
				ALWAYS_EMBED_SWIFT_STANDARD_LIBRARIES = YES;
				BUNDLE_LOADER = "$(TEST_HOST)";
				CODE_SIGN_STYLE = Automatic;
				CURRENT_PROJECT_VERSION = 1;
				DEVELOPMENT_TEAM = NR988WLZC9;
				GENERATE_INFOPLIST_FILE = YES;
				IPHONEOS_DEPLOYMENT_TARGET = 15.5;
				MARKETING_VERSION = 1.0;
				PRODUCT_BUNDLE_IDENTIFIER = com.zoey.stopwatchTests;
				PRODUCT_NAME = "$(TARGET_NAME)";
				SWIFT_EMIT_LOC_STRINGS = NO;
				SWIFT_VERSION = 5.0;
				TARGETED_DEVICE_FAMILY = "1,2";
				TEST_HOST = "$(BUILT_PRODUCTS_DIR)/stopwatch.app/stopwatch";
			};
			name = Release;
		};
		6BCCA247288F6C5800CF8C65 /* Debug */ = {
			isa = XCBuildConfiguration;
			buildSettings = {
				ALWAYS_EMBED_SWIFT_STANDARD_LIBRARIES = YES;
				CODE_SIGN_STYLE = Automatic;
				CURRENT_PROJECT_VERSION = 1;
				DEVELOPMENT_TEAM = NR988WLZC9;
				GENERATE_INFOPLIST_FILE = YES;
				MARKETING_VERSION = 1.0;
				PRODUCT_BUNDLE_IDENTIFIER = com.zoey.stopwatchUITests;
				PRODUCT_NAME = "$(TARGET_NAME)";
				SWIFT_EMIT_LOC_STRINGS = NO;
				SWIFT_VERSION = 5.0;
				TARGETED_DEVICE_FAMILY = "1,2";
				TEST_TARGET_NAME = stopwatch;
			};
			name = Debug;
		};
		6BCCA248288F6C5800CF8C65 /* Release */ = {
			isa = XCBuildConfiguration;
			buildSettings = {
				ALWAYS_EMBED_SWIFT_STANDARD_LIBRARIES = YES;
				CODE_SIGN_STYLE = Automatic;
				CURRENT_PROJECT_VERSION = 1;
				DEVELOPMENT_TEAM = NR988WLZC9;
				GENERATE_INFOPLIST_FILE = YES;
				MARKETING_VERSION = 1.0;
				PRODUCT_BUNDLE_IDENTIFIER = com.zoey.stopwatchUITests;
				PRODUCT_NAME = "$(TARGET_NAME)";
				SWIFT_EMIT_LOC_STRINGS = NO;
				SWIFT_VERSION = 5.0;
				TARGETED_DEVICE_FAMILY = "1,2";
				TEST_TARGET_NAME = stopwatch;
			};
			name = Release;
		};
/* End XCBuildConfiguration section */

/* Begin XCConfigurationList section */
		6BCCA20E288F6C5600CF8C65 /* Build configuration list for PBXProject "stopwatch" */ = {
			isa = XCConfigurationList;
			buildConfigurations = (
				6BCCA23E288F6C5800CF8C65 /* Debug */,
				6BCCA23F288F6C5800CF8C65 /* Release */,
			);
			defaultConfigurationIsVisible = 0;
			defaultConfigurationName = Release;
		};
		6BCCA240288F6C5800CF8C65 /* Build configuration list for PBXNativeTarget "stopwatch" */ = {
			isa = XCConfigurationList;
			buildConfigurations = (
				6BCCA241288F6C5800CF8C65 /* Debug */,
				6BCCA242288F6C5800CF8C65 /* Release */,
			);
			defaultConfigurationIsVisible = 0;
			defaultConfigurationName = Release;
		};
		6BCCA243288F6C5800CF8C65 /* Build configuration list for PBXNativeTarget "stopwatchTests" */ = {
			isa = XCConfigurationList;
			buildConfigurations = (
				6BCCA244288F6C5800CF8C65 /* Debug */,
				6BCCA245288F6C5800CF8C65 /* Release */,
			);
			defaultConfigurationIsVisible = 0;
			defaultConfigurationName = Release;
		};
		6BCCA246288F6C5800CF8C65 /* Build configuration list for PBXNativeTarget "stopwatchUITests" */ = {
			isa = XCConfigurationList;
			buildConfigurations = (
				6BCCA247288F6C5800CF8C65 /* Debug */,
				6BCCA248288F6C5800CF8C65 /* Release */,
			);
			defaultConfigurationIsVisible = 0;
			defaultConfigurationName = Release;
		};
/* End XCConfigurationList section */

/* Begin XCRemoteSwiftPackageReference section */
		6BCCA249288F6E2600CF8C65 /* XCRemoteSwiftPackageReference "GoogleSignIn-iOS" */ = {
			isa = XCRemoteSwiftPackageReference;
			repositoryURL = "https://github.com/google/GoogleSignIn-iOS";
			requirement = {
				kind = upToNextMajorVersion;
				minimumVersion = 6.0.0;
			};
		};
/* End XCRemoteSwiftPackageReference section */

/* Begin XCSwiftPackageProductDependency section */
		6BCCA24A288F6E2600CF8C65 /* GoogleSignIn */ = {
			isa = XCSwiftPackageProductDependency;
			package = 6BCCA249288F6E2600CF8C65 /* XCRemoteSwiftPackageReference "GoogleSignIn-iOS" */;
			productName = GoogleSignIn;
		};
/* End XCSwiftPackageProductDependency section */

/* Begin XCVersionGroup section */
		6BCCA21F288F6C5600CF8C65 /* stopwatch.xcdatamodeld */ = {
			isa = XCVersionGroup;
			children = (
				6BCCA220288F6C5600CF8C65 /* stopwatch.xcdatamodel */,
			);
			currentVersion = 6BCCA220288F6C5600CF8C65 /* stopwatch.xcdatamodel */;
			path = stopwatch.xcdatamodeld;
			sourceTree = "<group>";
			versionGroupType = wrapper.xcdatamodel;
		};
/* End XCVersionGroup section */
	};
	rootObject = 6BCCA20B288F6C5600CF8C65 /* Project object */;
}
